
Microsoft Visual Studio Solution File, Format Version 12.00
# Visual Studio 2013
VisualStudioVersion = 12.0.31101.0
MinimumVisualStudioVersion = 10.0.40219.1
Project("{FAE04EC0-301F-11D3-BF4B-00C04F79EFBC}") = "OopTask", "OopTask\OopTask.csproj", "{ABC55F00-38D3-4CFE-A229-5972E6DD11C8}"
EndProject
Project("{FAE04EC0-301F-11D3-BF4B-00C04F79EFBC}") = "ContactsSystemAppProto", "ContactsSystemAppProto\ContactsSystemAppProto.csproj", "{212C4358-4D3A-4F40-8EE2-60F196B8E22A}"
EndProject
Global
	GlobalSection(SolutionConfigurationPlatforms) = preSolution
		Debug|Any CPU = Debug|Any CPU
		Release|Any CPU = Release|Any CPU
	EndGlobalSection
	GlobalSection(ProjectConfigurationPlatforms) = postSolution
		{ABC55F00-38D3-4CFE-A229-5972E6DD11C8}.Debug|Any CPU.ActiveCfg = Debug|Any CPU
		{ABC55F00-38D3-4CFE-A229-5972E6DD11C8}.Debug|Any CPU.Build.0 = Debug|Any CPU
		{ABC55F00-38D3-4CFE-A229-5972E6DD11C8}.Release|Any CPU.ActiveCfg = Release|Any CPU
		{ABC55F00-38D3-4CFE-A229-5972E6DD11C8}.Release|Any CPU.Build.0 = Release|Any CPU
		{212C4358-4D3A-4F40-8EE2-60F196B8E22A}.Debug|Any CPU.ActiveCfg = Debug|Any CPU
		{212C4358-4D3A-4F40-8EE2-60F196B8E22A}.Debug|Any CPU.Build.0 = Debug|Any CPU
		{212C4358-4D3A-4F40-8EE2-60F196B8E22A}.Release|Any CPU.ActiveCfg = Release|Any CPU
		{212C4358-4D3A-4F40-8EE2-60F196B8E22A}.Release|Any CPU.Build.0 = Release|Any CPU
	EndGlobalSection
	GlobalSection(SolutionProperties) = preSolution
		HideSolutionNode = FALSE
	EndGlobalSection
EndGlobal
